
Microsoft Visual Studio Solution File, Format Version 12.00
# Visual Studio Version 16
VisualStudioVersion = 16.0.32228.343
MinimumVisualStudioVersion = 10.0.40219.1
Project("{9A19103F-16F7-4668-BE54-9A1E7A4F7556}") = "ApiCatalogo", "ApiCatalogo\ApiCatalogo.csproj", "{DBABF1D9-2B79-46B2-9E69-D9B5064FAFC3}"
EndProject
Global
	GlobalSection(SolutionConfigurationPlatforms) = preSolution
		Debug|Any CPU = Debug|Any CPU
		Release|Any CPU = Release|Any CPU
	EndGlobalSection
	GlobalSection(ProjectConfigurationPlatforms) = postSolution
		{DBABF1D9-2B79-46B2-9E69-D9B5064FAFC3}.Debug|Any CPU.ActiveCfg = Debug|Any CPU
		{DBABF1D9-2B79-46B2-9E69-D9B5064FAFC3}.Debug|Any CPU.Build.0 = Debug|Any CPU
		{DBABF1D9-2B79-46B2-9E69-D9B5064FAFC3}.Release|Any CPU.ActiveCfg = Release|Any CPU
		{DBABF1D9-2B79-46B2-9E69-D9B5064FAFC3}.Release|Any CPU.Build.0 = Release|Any CPU
	EndGlobalSection
	GlobalSection(SolutionProperties) = preSolution
		HideSolutionNode = FALSE
	EndGlobalSection
	GlobalSection(ExtensibilityGlobals) = postSolution
		SolutionGuid = {511EFD7D-4598-4338-82AE-66888CFC74CD}
	EndGlobalSection
EndGlobal
